
Microsoft Visual Studio Solution File, Format Version 12.00
# Visual Studio 14
VisualStudioVersion = 14.0.25420.1
MinimumVisualStudioVersion = 10.0.40219.1
Project("{FAE04EC0-301F-11D3-BF4B-00C04F79EFBC}") = "Jeu De Dame - Serveur", "Jeu De Dame - Serveur\Jeu De Dame - Serveur.csproj", "{5DD9F5D0-1E0B-406F-8090-4B1BE1B65DBE}"
EndProject
Global
	GlobalSection(SolutionConfigurationPlatforms) = preSolution
		Debug|Any CPU = Debug|Any CPU
		Release|Any CPU = Release|Any CPU
	EndGlobalSection
	GlobalSection(ProjectConfigurationPlatforms) = postSolution
		{5DD9F5D0-1E0B-406F-8090-4B1BE1B65DBE}.Debug|Any CPU.ActiveCfg = Debug|Any CPU
		{5DD9F5D0-1E0B-406F-8090-4B1BE1B65DBE}.Debug|Any CPU.Build.0 = Debug|Any CPU
		{5DD9F5D0-1E0B-406F-8090-4B1BE1B65DBE}.Release|Any CPU.ActiveCfg = Release|Any CPU
		{5DD9F5D0-1E0B-406F-8090-4B1BE1B65DBE}.Release|Any CPU.Build.0 = Release|Any CPU
	EndGlobalSection
	GlobalSection(SolutionProperties) = preSolution
		HideSolutionNode = FALSE
	EndGlobalSection
EndGlobal
